{
  "name": "396KeebWebsite",
  "lockfileVersion": 3,
  "requires": true,
  "packages": {
    "": {
      "dependencies": {
        "svelte-cubed": "^0.2.1"
      }
    },
    "node_modules/@types/hast": {
      "version": "2.3.10",
      "resolved": "https://registry.npmjs.org/@types/hast/-/hast-2.3.10.tgz",
      "integrity": "sha512-McWspRw8xx8J9HurkVBfYj0xKoE25tOFlHGdx4MJ5xORQrMGZNqJhVQWaIbm6Oyla5kYOXtDiopzKRJzEOkwJw==",
      "license": "MIT",
      "dependencies": {
        "@types/unist": "^2"
      }
    },
    "node_modules/@types/unist": {
      "version": "2.0.10",
      "resolved": "https://registry.npmjs.org/@types/unist/-/unist-2.0.10.tgz",
      "integrity": "sha512-IfYcSBWE3hLpBg8+X2SEa8LVkJdJEkT2Ese2aaLs3ptGdVtABxndrMaxuFlQ1qdFf9Q5rDvDpxI3WwgvKFAsQA==",
      "license": "MIT"
    },
    "node_modules/hast-util-heading-rank": {
      "version": "2.1.1",
      "resolved": "https://registry.npmjs.org/hast-util-heading-rank/-/hast-util-heading-rank-2.1.1.tgz",
      "integrity": "sha512-iAuRp+ESgJoRFJbSyaqsfvJDY6zzmFoEnL1gtz1+U8gKtGGj1p0CVlysuUAUjq95qlZESHINLThwJzNGmgGZxA==",
      "license": "MIT",
      "dependencies": {
        "@types/hast": "^2.0.0"
      },
      "funding": {
        "type": "opencollective",
        "url": "https://opencollective.com/unified"
      }
    },
    "node_modules/svelte-cubed": {
      "version": "0.2.1",
      "resolved": "https://registry.npmjs.org/svelte-cubed/-/svelte-cubed-0.2.1.tgz",
      "integrity": "sha512-6k0m4Bg2abA0WBigqBSR5QW+aBFX/UV26W0IlrNzDVBm6rlJHt7OYeeHW9AuBZzyWq4A/gSBCoa1GNYiANFrbQ==",
      "dependencies": {
        "hast-util-heading-rank": "^2.1.0",
        "unist-util-visit": "^4.1.0",
        "yootils": "^0.3.1"
      }
    },
    "node_modules/unist-util-is": {
      "version": "5.2.1",
      "resolved": "https://registry.npmjs.org/unist-util-is/-/unist-util-is-5.2.1.tgz",
      "integrity": "sha512-u9njyyfEh43npf1M+yGKDGVPbY/JWEemg5nH05ncKPfi+kBbKBJoTdsogMu33uhytuLlv9y0O7GH7fEdwLdLQw==",
      "license": "MIT",
      "dependencies": {
        "@types/unist": "^2.0.0"
      },
      "funding": {
        "type": "opencollective",
        "url": "https://opencollective.com/unified"
      }
    },
    "node_modules/unist-util-visit": {
      "version": "4.1.2",
      "resolved": "https://registry.npmjs.org/unist-util-visit/-/unist-util-visit-4.1.2.tgz",
      "integrity": "sha512-MSd8OUGISqHdVvfY9TPhyK2VdUrPgxkUtWSuMHF6XAAFuL4LokseigBnZtPnJMu+FbynTkFNnFlyjxpVKujMRg==",
      "license": "MIT",
      "dependencies": {
        "@types/unist": "^2.0.0",
        "unist-util-is": "^5.0.0",
        "unist-util-visit-parents": "^5.1.1"
      },
      "funding": {
        "type": "opencollective",
        "url": "https://opencollective.com/unified"
      }
    },
    "node_modules/unist-util-visit-parents": {
      "version": "5.1.3",
      "resolved": "https://registry.npmjs.org/unist-util-visit-parents/-/unist-util-visit-parents-5.1.3.tgz",
      "integrity": "sha512-x6+y8g7wWMyQhL1iZfhIPhDAs7Xwbn9nRosDXl7qoPTSCy0yNxnKc+hWokFifWQIDGi154rdUqKvbCa4+1kLhg==",
      "license": "MIT",
      "dependencies": {
        "@types/unist": "^2.0.0",
        "unist-util-is": "^5.0.0"
      },
      "funding": {
        "type": "opencollective",
        "url": "https://opencollective.com/unified"
      }
    },
    "node_modules/yootils": {
      "version": "0.3.1",
      "resolved": "https://registry.npmjs.org/yootils/-/yootils-0.3.1.tgz",
      "integrity": "sha512-A7AMeJfGefk317I/3tBoUYRcDcNavKEkpiPN/nQsBz/viI2GvT7BtrqdPD6rGqBFN8Ax7v4obf+Cl32JF9DDVw==",
      "license": "MIT"
    }
  }
}
